
Microsoft Visual Studio Solution File, Format Version 12.00
# Visual Studio Version 17
VisualStudioVersion = 17.2.32526.322
MinimumVisualStudioVersion = 10.0.40219.1
Project("{9A19103F-16F7-4668-BE54-9A1E7A4F7556}") = "RepartitionTournoi", "RepartitionTournoi.csproj", "{182893A7-AFB3-4C02-8303-86FFDB0C5261}"
EndProject
Project("{FAE04EC0-301F-11D3-BF4B-00C04F79EFBC}") = "RepartitionTournoi.DAL", "..\RepartitionTournoi.DAL\RepartitionTournoi.DAL.csproj", "{D1ECCFDF-F66F-4BCC-A0F3-CCA89859D490}"
EndProject
Project("{FAE04EC0-301F-11D3-BF4B-00C04F79EFBC}") = "RepartitionTournoi.Models", "..\RepartitionTournoi.Models\RepartitionTournoi.Models.csproj", "{CBE6C9AD-6ACB-4DD8-9138-56395821301E}"
EndProject
Project("{FAE04EC0-301F-11D3-BF4B-00C04F79EFBC}") = "RepartitionTournoi.Domain", "..\RepartitionTournoi.Domain\RepartitionTournoi.Domain.csproj", "{C9FC501E-2CCF-4753-93DB-57CADF00AE71}"
EndProject
Global
	GlobalSection(SolutionConfigurationPlatforms) = preSolution
		Debug|Any CPU = Debug|Any CPU
		Release|Any CPU = Release|Any CPU
	EndGlobalSection
	GlobalSection(ProjectConfigurationPlatforms) = postSolution
		{182893A7-AFB3-4C02-8303-86FFDB0C5261}.Debug|Any CPU.ActiveCfg = Debug|Any CPU
		{182893A7-AFB3-4C02-8303-86FFDB0C5261}.Debug|Any CPU.Build.0 = Debug|Any CPU
		{182893A7-AFB3-4C02-8303-86FFDB0C5261}.Release|Any CPU.ActiveCfg = Release|Any CPU
		{182893A7-AFB3-4C02-8303-86FFDB0C5261}.Release|Any CPU.Build.0 = Release|Any CPU
		{D1ECCFDF-F66F-4BCC-A0F3-CCA89859D490}.Debug|Any CPU.ActiveCfg = Debug|Any CPU
		{D1ECCFDF-F66F-4BCC-A0F3-CCA89859D490}.Debug|Any CPU.Build.0 = Debug|Any CPU
		{D1ECCFDF-F66F-4BCC-A0F3-CCA89859D490}.Release|Any CPU.ActiveCfg = Release|Any CPU
		{D1ECCFDF-F66F-4BCC-A0F3-CCA89859D490}.Release|Any CPU.Build.0 = Release|Any CPU
		{CBE6C9AD-6ACB-4DD8-9138-56395821301E}.Debug|Any CPU.ActiveCfg = Debug|Any CPU
		{CBE6C9AD-6ACB-4DD8-9138-56395821301E}.Debug|Any CPU.Build.0 = Debug|Any CPU
		{CBE6C9AD-6ACB-4DD8-9138-56395821301E}.Release|Any CPU.ActiveCfg = Release|Any CPU
		{CBE6C9AD-6ACB-4DD8-9138-56395821301E}.Release|Any CPU.Build.0 = Release|Any CPU
		{C9FC501E-2CCF-4753-93DB-57CADF00AE71}.Debug|Any CPU.ActiveCfg = Debug|Any CPU
		{C9FC501E-2CCF-4753-93DB-57CADF00AE71}.Debug|Any CPU.Build.0 = Debug|Any CPU
		{C9FC501E-2CCF-4753-93DB-57CADF00AE71}.Release|Any CPU.ActiveCfg = Release|Any CPU
		{C9FC501E-2CCF-4753-93DB-57CADF00AE71}.Release|Any CPU.Build.0 = Release|Any CPU
	EndGlobalSection
	GlobalSection(SolutionProperties) = preSolution
		HideSolutionNode = FALSE
	EndGlobalSection
	GlobalSection(ExtensibilityGlobals) = postSolution
		SolutionGuid = {28EF28EA-31EE-434B-8E86-CE1C08E28425}
	EndGlobalSection
EndGlobal
